
Microsoft Visual Studio Solution File, Format Version 12.00
# Visual Studio Version 16
VisualStudioVersion = 16.0.29509.3
MinimumVisualStudioVersion = 10.0.40219.1
Project("{9A19103F-16F7-4668-BE54-9A1E7A4F7556}") = "Joobie", "Joobie\Joobie.csproj", "{5F29D126-E61E-441F-9131-F4E6AA69A04B}"
EndProject
Global
	GlobalSection(SolutionConfigurationPlatforms) = preSolution
		Debug|Any CPU = Debug|Any CPU
		Release|Any CPU = Release|Any CPU
	EndGlobalSection
	GlobalSection(ProjectConfigurationPlatforms) = postSolution
		{5F29D126-E61E-441F-9131-F4E6AA69A04B}.Debug|Any CPU.ActiveCfg = Debug|Any CPU
		{5F29D126-E61E-441F-9131-F4E6AA69A04B}.Debug|Any CPU.Build.0 = Debug|Any CPU
		{5F29D126-E61E-441F-9131-F4E6AA69A04B}.Release|Any CPU.ActiveCfg = Release|Any CPU
		{5F29D126-E61E-441F-9131-F4E6AA69A04B}.Release|Any CPU.Build.0 = Release|Any CPU
	EndGlobalSection
	GlobalSection(SolutionProperties) = preSolution
		HideSolutionNode = FALSE
	EndGlobalSection
	GlobalSection(ExtensibilityGlobals) = postSolution
		SolutionGuid = {DE4B0B94-DD61-4766-ACAB-E17A68B817D6}
	EndGlobalSection
EndGlobal
